
Microsoft Visual Studio Solution File, Format Version 12.00
# Visual Studio Version 16
VisualStudioVersion = 16.0.29519.181
MinimumVisualStudioVersion = 10.0.40219.1
Project("{FAE04EC0-301F-11D3-BF4B-00C04F79EFBC}") = "MineSweeper", "MineSweeper\MineSweeper.csproj", "{F04D3671-0502-422F-B815-A4480E760141}"
EndProject
Global
	GlobalSection(SolutionConfigurationPlatforms) = preSolution
		Debug|Any CPU = Debug|Any CPU
		Release|Any CPU = Release|Any CPU
	EndGlobalSection
	GlobalSection(ProjectConfigurationPlatforms) = postSolution
		{F04D3671-0502-422F-B815-A4480E760141}.Debug|Any CPU.ActiveCfg = Debug|Any CPU
		{F04D3671-0502-422F-B815-A4480E760141}.Debug|Any CPU.Build.0 = Debug|Any CPU
		{F04D3671-0502-422F-B815-A4480E760141}.Release|Any CPU.ActiveCfg = Release|Any CPU
		{F04D3671-0502-422F-B815-A4480E760141}.Release|Any CPU.Build.0 = Release|Any CPU
	EndGlobalSection
	GlobalSection(SolutionProperties) = preSolution
		HideSolutionNode = FALSE
	EndGlobalSection
	GlobalSection(ExtensibilityGlobals) = postSolution
		SolutionGuid = {F33056AB-BAE6-413F-BA21-40472DB52ACD}
	EndGlobalSection
EndGlobal
